# This file is autogenerated, do not edit; changes may be undone by the next 'dep ensure'.


[[projects]]
  name = "github.com/DATA-DOG/godog"
  packages = [
    ".",
    "colors",
    "gherkin"
  ]
  revision = "8e7bc15e741c4f6c93c0fc2e797ed869cbc1b8f7"
  version = "v0.7.13"

[solve-meta]
  analyzer-name = "dep"
  analyzer-version = 1
  inputs-digest = "560d9dd494cb81332ede79f80d6faaba63ba17d6a558110dc93a7e2b9260950d"
  solver-name = "gps-cdcl"
  solver-version = 1
